
Microsoft Visual Studio Solution File, Format Version 12.00
# Visual Studio Version 16
VisualStudioVersion = 16.0.31205.134
MinimumVisualStudioVersion = 10.0.40219.1
Project("{FAE04EC0-301F-11D3-BF4B-00C04F79EFBC}") = "classconstructor", "classconstructor\classconstructor.csproj", "{B84CB336-3545-4779-81F5-CCDC70806129}"
EndProject
Global
	GlobalSection(SolutionConfigurationPlatforms) = preSolution
		Debug|Any CPU = Debug|Any CPU
		Release|Any CPU = Release|Any CPU
	EndGlobalSection
	GlobalSection(ProjectConfigurationPlatforms) = postSolution
		{B84CB336-3545-4779-81F5-CCDC70806129}.Debug|Any CPU.ActiveCfg = Debug|Any CPU
		{B84CB336-3545-4779-81F5-CCDC70806129}.Debug|Any CPU.Build.0 = Debug|Any CPU
		{B84CB336-3545-4779-81F5-CCDC70806129}.Release|Any CPU.ActiveCfg = Release|Any CPU
		{B84CB336-3545-4779-81F5-CCDC70806129}.Release|Any CPU.Build.0 = Release|Any CPU
	EndGlobalSection
	GlobalSection(SolutionProperties) = preSolution
		HideSolutionNode = FALSE
	EndGlobalSection
	GlobalSection(ExtensibilityGlobals) = postSolution
		SolutionGuid = {4758EB3E-D2D6-4438-A282-CF2FBACAE689}
	EndGlobalSection
EndGlobal
