
Microsoft Visual Studio Solution File, Format Version 12.00
# Visual Studio Version 16
VisualStudioVersion = 16.0.31205.134
MinimumVisualStudioVersion = 10.0.40219.1
Project("{FAE04EC0-301F-11D3-BF4B-00C04F79EFBC}") = "dependency", "dependency\dependency.csproj", "{037EA95B-3593-4D67-84C0-FFAB901BE9E4}"
EndProject
Global
	GlobalSection(SolutionConfigurationPlatforms) = preSolution
		Debug|Any CPU = Debug|Any CPU
		Release|Any CPU = Release|Any CPU
	EndGlobalSection
	GlobalSection(ProjectConfigurationPlatforms) = postSolution
		{037EA95B-3593-4D67-84C0-FFAB901BE9E4}.Debug|Any CPU.ActiveCfg = Debug|Any CPU
		{037EA95B-3593-4D67-84C0-FFAB901BE9E4}.Debug|Any CPU.Build.0 = Debug|Any CPU
		{037EA95B-3593-4D67-84C0-FFAB901BE9E4}.Release|Any CPU.ActiveCfg = Release|Any CPU
		{037EA95B-3593-4D67-84C0-FFAB901BE9E4}.Release|Any CPU.Build.0 = Release|Any CPU
	EndGlobalSection
	GlobalSection(SolutionProperties) = preSolution
		HideSolutionNode = FALSE
	EndGlobalSection
	GlobalSection(ExtensibilityGlobals) = postSolution
		SolutionGuid = {35574A0E-2225-477A-81CE-EFAD1A83652A}
	EndGlobalSection
EndGlobal
