
Microsoft Visual Studio Solution File, Format Version 12.00
# Visual Studio Version 16
VisualStudioVersion = 16.0.31205.134
MinimumVisualStudioVersion = 10.0.40219.1
Project("{FAE04EC0-301F-11D3-BF4B-00C04F79EFBC}") = "METHODS", "METHODS\METHODS.csproj", "{B581F8A5-7003-42D5-8E3B-CA3EBAF129A6}"
EndProject
Global
	GlobalSection(SolutionConfigurationPlatforms) = preSolution
		Debug|Any CPU = Debug|Any CPU
		Release|Any CPU = Release|Any CPU
	EndGlobalSection
	GlobalSection(ProjectConfigurationPlatforms) = postSolution
		{B581F8A5-7003-42D5-8E3B-CA3EBAF129A6}.Debug|Any CPU.ActiveCfg = Debug|Any CPU
		{B581F8A5-7003-42D5-8E3B-CA3EBAF129A6}.Debug|Any CPU.Build.0 = Debug|Any CPU
		{B581F8A5-7003-42D5-8E3B-CA3EBAF129A6}.Release|Any CPU.ActiveCfg = Release|Any CPU
		{B581F8A5-7003-42D5-8E3B-CA3EBAF129A6}.Release|Any CPU.Build.0 = Release|Any CPU
	EndGlobalSection
	GlobalSection(SolutionProperties) = preSolution
		HideSolutionNode = FALSE
	EndGlobalSection
	GlobalSection(ExtensibilityGlobals) = postSolution
		SolutionGuid = {C9F38958-ED5C-45E9-8326-4F52B0C2678B}
	EndGlobalSection
EndGlobal
