
Microsoft Visual Studio Solution File, Format Version 12.00
# Visual Studio Version 16
VisualStudioVersion = 16.0.31205.134
MinimumVisualStudioVersion = 10.0.40219.1
Project("{FAE04EC0-301F-11D3-BF4B-00C04F79EFBC}") = "mvvmpractice", "mvvmpractice\mvvmpractice.csproj", "{7F137EBC-7E8A-473B-8E8D-9EFBC58F1565}"
EndProject
Global
	GlobalSection(SolutionConfigurationPlatforms) = preSolution
		Debug|Any CPU = Debug|Any CPU
		Release|Any CPU = Release|Any CPU
	EndGlobalSection
	GlobalSection(ProjectConfigurationPlatforms) = postSolution
		{7F137EBC-7E8A-473B-8E8D-9EFBC58F1565}.Debug|Any CPU.ActiveCfg = Debug|Any CPU
		{7F137EBC-7E8A-473B-8E8D-9EFBC58F1565}.Debug|Any CPU.Build.0 = Debug|Any CPU
		{7F137EBC-7E8A-473B-8E8D-9EFBC58F1565}.Release|Any CPU.ActiveCfg = Release|Any CPU
		{7F137EBC-7E8A-473B-8E8D-9EFBC58F1565}.Release|Any CPU.Build.0 = Release|Any CPU
	EndGlobalSection
	GlobalSection(SolutionProperties) = preSolution
		HideSolutionNode = FALSE
	EndGlobalSection
	GlobalSection(ExtensibilityGlobals) = postSolution
		SolutionGuid = {D00EB482-C5E4-4F41-95DB-8E74CCFD1C69}
	EndGlobalSection
EndGlobal
