
Microsoft Visual Studio Solution File, Format Version 12.00
# Visual Studio Version 16
VisualStudioVersion = 16.0.31205.134
MinimumVisualStudioVersion = 10.0.40219.1
Project("{FAE04EC0-301F-11D3-BF4B-00C04F79EFBC}") = "STATICANDINSTANCEOFCLASS", "STATICANDINSTANCEOFCLASS\STATICANDINSTANCEOFCLASS.csproj", "{0AAB78B0-2786-479B-8ACD-5E2A42B753A3}"
EndProject
Global
	GlobalSection(SolutionConfigurationPlatforms) = preSolution
		Debug|Any CPU = Debug|Any CPU
		Release|Any CPU = Release|Any CPU
	EndGlobalSection
	GlobalSection(ProjectConfigurationPlatforms) = postSolution
		{0AAB78B0-2786-479B-8ACD-5E2A42B753A3}.Debug|Any CPU.ActiveCfg = Debug|Any CPU
		{0AAB78B0-2786-479B-8ACD-5E2A42B753A3}.Debug|Any CPU.Build.0 = Debug|Any CPU
		{0AAB78B0-2786-479B-8ACD-5E2A42B753A3}.Release|Any CPU.ActiveCfg = Release|Any CPU
		{0AAB78B0-2786-479B-8ACD-5E2A42B753A3}.Release|Any CPU.Build.0 = Release|Any CPU
	EndGlobalSection
	GlobalSection(SolutionProperties) = preSolution
		HideSolutionNode = FALSE
	EndGlobalSection
	GlobalSection(ExtensibilityGlobals) = postSolution
		SolutionGuid = {D5FD2110-AA6E-4D99-8335-290549E0CF8C}
	EndGlobalSection
EndGlobal
